<?xml version="1.0" encoding="utf-8"?>
<Project ToolsVersion="4.0" xmlns="http://schemas.microsoft.com/developer/msbuild/2003">
  <ItemGroup>
    <Filter Include="Source Files">
      <UniqueIdentifier>{4FC737F1-C7A5-4376-A066-2A32D752A2FF}</UniqueIdentifier>
      <Extensions>cpp;c;cc;cxx;def;odl;idl;hpj;bat;asm;asmx</Extensions>
    </Filter>
    <Filter Include="Header Files">
      <UniqueIdentifier>{93995380-89BD-4b04-88EB-625FBE52EBFB}</UniqueIdentifier>
      <Extensions>h;hpp;hxx;hm;inl;inc;xsd</Extensions>
    </Filter>
    <Filter Include="Resource Files">
      <UniqueIdentifier>{67DA6AB6-F800-4c08-8B7A-83BB121AAD01}</UniqueIdentifier>
      <Extensions>rc;ico;cur;bmp;dlg;rc2;rct;bin;rgs;gif;jpg;jpeg;jpe;resx;tiff;tif;png;wav;mfcribbon-ms</Extensions>
    </Filter>
    <Filter Include="Source Files\Tools">
      <UniqueIdentifier>{d646e90c-8793-424c-8e7f-bd60fec3a73f}</UniqueIdentifier>
    </Filter>
    <Filter Include="Header Files\Tools">
      <UniqueIdentifier>{90b3c1e4-0579-4089-9939-8d69f46e4627}</UniqueIdentifier>
    </Filter>
    <Filter Include="Header Files\Engine">
      <UniqueIdentifier>{b7afa77a-2f59-400c-bc01-385fb57a543b}</UniqueIdentifier>
    </Filter>
    <Filter Include="Source Files\Engine">
      <UniqueIdentifier>{1de03e8c-37e3-4fce-9ebf-884f4b7f2e16}</UniqueIdentifier>
    </Filter>
    <Filter Include="Header Files\Tools\Helpers">
      <UniqueIdentifier>{b02b21e6-2a09-4cae-9715-751fa14f337f}</UniqueIdentifier>
    </Filter>
    <Filter Include="Source Files\Tools\Helpers">
      <UniqueIdentifier>{885f481b-fec7-4d71-a1e3-560848b1f06f}</UniqueIdentifier>
    </Filter>
    <Filter Include="Header Files\Tools\List">
      <UniqueIdentifier>{4fd95f14-1f2b-4a2d-a5cb-236bdd5d7e95}</UniqueIdentifier>
    </Filter>
    <Filter Include="Source Files\Tools\List">
      <UniqueIdentifier>{c15467ef-6a9f-4aea-a05f-0b32d29e0a6d}</UniqueIdentifier>
    </Filter>
    <Filter Include="Header Files\Graphics">
      <UniqueIdentifier>{ea3aad44-f427-4fac-847c-88f8da04f814}</UniqueIdentifier>
    </Filter>
    <Filter Include="Source Files\Graphics">
      <UniqueIdentifier>{b2e6314e-54fd-4f63-80e5-eb348aa97171}</UniqueIdentifier>
    </Filter>
    <Filter Include="Resource Files\Shaders">
      <UniqueIdentifier>{39578bd7-f9ea-4ac3-aaec-9ca1c01326c0}</UniqueIdentifier>
    </Filter>
    <Filter Include="Header Files\Accrete">
      <UniqueIdentifier>{89fdfc29-9f93-4ccd-8cdd-41d40116361b}</UniqueIdentifier>
    </Filter>
    <Filter Include="Source Files\Accrete">
      <UniqueIdentifier>{308fcb5b-437f-41b9-b1f1-89cb8c00901a}</UniqueIdentifier>
    </Filter>
    <Filter Include="Header Files\Physics">
      <UniqueIdentifier>{7ea8a597-1fab-4998-bb10-0bb5f5cd8fdd}</UniqueIdentifier>
    </Filter>
    <Filter Include="Source Files\Physics">
      <UniqueIdentifier>{e34b4bb5-4131-489b-90cc-84a1c1afbc3e}</UniqueIdentifier>
    </Filter>
    <Filter Include="Header Files\Game">
      <UniqueIdentifier>{0397d144-2fb1-455d-8a25-3f3c82477851}</UniqueIdentifier>
    </Filter>
    <Filter Include="Source Files\Game">
      <UniqueIdentifier>{aede990f-0833-4be4-9852-a8af0bd78bba}</UniqueIdentifier>
    </Filter>
    <Filter Include="Source Files\Tools\Lua">
      <UniqueIdentifier>{83431a89-ea3b-4f3f-a3fd-e54f5ba9380a}</UniqueIdentifier>
    </Filter>
    <Filter Include="Header Files\Tools\Lua">
      <UniqueIdentifier>{b631d57e-771e-4d71-89af-42705bd16bc9}</UniqueIdentifier>
    </Filter>
    <Filter Include="Resource Files\Scripts">
      <UniqueIdentifier>{a9913019-6e65-4bad-9f7c-80829eeca72d}</UniqueIdentifier>
    </Filter>
  </ItemGroup>
  <ItemGroup>
    <ClCompile Include="shader.c">
      <Filter>Source Files\Graphics</Filter>
    </ClCompile>
    <ClCompile Include="engine.c">
      <Filter>Source Files\Engine</Filter>
    </ClCompile>
    <ClCompile Include="main.c">
      <Filter>Source Files</Filter>
    </ClCompile>
    <ClCompile Include="loader.c">
      <Filter>Source Files\Tools\Helpers</Filter>
    </ClCompile>
    <ClCompile Include="stb_image.c">
      <Filter>Source Files\Tools\Helpers</Filter>
    </ClCompile>
    <ClCompile Include="timer.c">
      <Filter>Source Files\Tools\Helpers</Filter>
    </ClCompile>
    <ClCompile Include="material.c">
      <Filter>Source Files\Graphics</Filter>
    </ClCompile>
    <ClCompile Include="mesh.c">
      <Filter>Source Files\Graphics</Filter>
    </ClCompile>
    <ClCompile Include="list.c">
      <Filter>Source Files\Tools\List</Filter>
    </ClCompile>
    <ClCompile Include="textrenderer.c">
      <Filter>Source Files\Engine</Filter>
    </ClCompile>
    <ClCompile Include="acmain.c">
      <Filter>Source Files\Accrete</Filter>
    </ClCompile>
    <ClCompile Include="acdisplay.c">
      <Filter>Source Files\Accrete</Filter>
    </ClCompile>
    <ClCompile Include="acenviro.c">
      <Filter>Source Files\Accrete</Filter>
    </ClCompile>
    <ClCompile Include="acutils.c">
      <Filter>Source Files\Accrete</Filter>
    </ClCompile>
    <ClCompile Include="accrete.c">
      <Filter>Source Files\Accrete</Filter>
    </ClCompile>
    <ClCompile Include="input.c">
      <Filter>Source Files\Engine</Filter>
    </ClCompile>
    <ClCompile Include="array.c">
      <Filter>Source Files\Tools\List</Filter>
    </ClCompile>
    <ClCompile Include="mouse.c">
      <Filter>Source Files\Engine</Filter>
    </ClCompile>
    <ClCompile Include="particle.c">
      <Filter>Source Files\Physics</Filter>
    </ClCompile>
    <ClCompile Include="game.c">
      <Filter>Source Files\Game</Filter>
    </ClCompile>
    <ClCompile Include="vector.c">
      <Filter>Source Files\Tools\List</Filter>
    </ClCompile>
    <ClCompile Include="textureatlas.c">
      <Filter>Source Files\Graphics</Filter>
    </ClCompile>
    <ClCompile Include="emitter.c">
      <Filter>Source Files\Physics</Filter>
    </ClCompile>
    <ClCompile Include="Lua\lapi.c">
      <Filter>Source Files\Tools\Lua</Filter>
    </ClCompile>
    <ClCompile Include="Lua\lauxlib.c">
      <Filter>Source Files\Tools\Lua</Filter>
    </ClCompile>
    <ClCompile Include="Lua\lbaselib.c">
      <Filter>Source Files\Tools\Lua</Filter>
    </ClCompile>
    <ClCompile Include="Lua\lbitlib.c">
      <Filter>Source Files\Tools\Lua</Filter>
    </ClCompile>
    <ClCompile Include="Lua\lcode.c">
      <Filter>Source Files\Tools\Lua</Filter>
    </ClCompile>
    <ClCompile Include="Lua\lcorolib.c">
      <Filter>Source Files\Tools\Lua</Filter>
    </ClCompile>
    <ClCompile Include="Lua\lctype.c">
      <Filter>Source Files\Tools\Lua</Filter>
    </ClCompile>
    <ClCompile Include="Lua\ldblib.c">
      <Filter>Source Files\Tools\Lua</Filter>
    </ClCompile>
    <ClCompile Include="Lua\ldebug.c">
      <Filter>Source Files\Tools\Lua</Filter>
    </ClCompile>
    <ClCompile Include="Lua\ldo.c">
      <Filter>Source Files\Tools\Lua</Filter>
    </ClCompile>
    <ClCompile Include="Lua\ldump.c">
      <Filter>Source Files\Tools\Lua</Filter>
    </ClCompile>
    <ClCompile Include="Lua\lfunc.c">
      <Filter>Source Files\Tools\Lua</Filter>
    </ClCompile>
    <ClCompile Include="Lua\lgc.c">
      <Filter>Source Files\Tools\Lua</Filter>
    </ClCompile>
    <ClCompile Include="Lua\linit.c">
      <Filter>Source Files\Tools\Lua</Filter>
    </ClCompile>
    <ClCompile Include="Lua\liolib.c">
      <Filter>Source Files\Tools\Lua</Filter>
    </ClCompile>
    <ClCompile Include="Lua\llex.c">
      <Filter>Source Files\Tools\Lua</Filter>
    </ClCompile>
    <ClCompile Include="Lua\lmathlib.c">
      <Filter>Source Files\Tools\Lua</Filter>
    </ClCompile>
    <ClCompile Include="Lua\lmem.c">
      <Filter>Source Files\Tools\Lua</Filter>
    </ClCompile>
    <ClCompile Include="Lua\loadlib.c">
      <Filter>Source Files\Tools\Lua</Filter>
    </ClCompile>
    <ClCompile Include="Lua\lobject.c">
      <Filter>Source Files\Tools\Lua</Filter>
    </ClCompile>
    <ClCompile Include="Lua\lopcodes.c">
      <Filter>Source Files\Tools\Lua</Filter>
    </ClCompile>
    <ClCompile Include="Lua\loslib.c">
      <Filter>Source Files\Tools\Lua</Filter>
    </ClCompile>
    <ClCompile Include="Lua\lparser.c">
      <Filter>Source Files\Tools\Lua</Filter>
    </ClCompile>
    <ClCompile Include="Lua\lstate.c">
      <Filter>Source Files\Tools\Lua</Filter>
    </ClCompile>
    <ClCompile Include="Lua\lstring.c">
      <Filter>Source Files\Tools\Lua</Filter>
    </ClCompile>
    <ClCompile Include="Lua\lstrlib.c">
      <Filter>Source Files\Tools\Lua</Filter>
    </ClCompile>
    <ClCompile Include="Lua\ltable.c">
      <Filter>Source Files\Tools\Lua</Filter>
    </ClCompile>
    <ClCompile Include="Lua\ltablib.c">
      <Filter>Source Files\Tools\Lua</Filter>
    </ClCompile>
    <ClCompile Include="Lua\ltm.c">
      <Filter>Source Files\Tools\Lua</Filter>
    </ClCompile>
    <ClCompile Include="Lua\lundump.c">
      <Filter>Source Files\Tools\Lua</Filter>
    </ClCompile>
    <ClCompile Include="Lua\lvm.c">
      <Filter>Source Files\Tools\Lua</Filter>
    </ClCompile>
    <ClCompile Include="Lua\lzio.c">
      <Filter>Source Files\Tools\Lua</Filter>
    </ClCompile>
    <ClCompile Include="stage.c">
      <Filter>Source Files\Game</Filter>
    </ClCompile>
    <ClCompile Include="entity.c">
      <Filter>Source Files\Game</Filter>
    </ClCompile>
    <ClCompile Include="renderercomponent.c">
      <Filter>Source Files\Game</Filter>
    </ClCompile>
    <ClCompile Include="camera.c">
      <Filter>Source Files\Graphics</Filter>
    </ClCompile>
    <ClCompile Include="light.c">
      <Filter>Source Files\Graphics</Filter>
    </ClCompile>
  </ItemGroup>
  <ItemGroup>
    <ClInclude Include="stb_image.h">
      <Filter>Header Files\Tools\Helpers</Filter>
    </ClInclude>
    <ClInclude Include="engine.h">
      <Filter>Header Files\Engine</Filter>
    </ClInclude>
    <ClInclude Include="shader.h">
      <Filter>Header Files\Graphics</Filter>
    </ClInclude>
    <ClInclude Include="material.h">
      <Filter>Header Files\Graphics</Filter>
    </ClInclude>
    <ClInclude Include="loader.h">
      <Filter>Header Files\Tools\Helpers</Filter>
    </ClInclude>
    <ClInclude Include="timer.h">
      <Filter>Header Files\Tools\Helpers</Filter>
    </ClInclude>
    <ClInclude Include="mesh.h">
      <Filter>Header Files\Graphics</Filter>
    </ClInclude>
    <ClInclude Include="list.h">
      <Filter>Header Files\Tools\List</Filter>
    </ClInclude>
    <ClInclude Include="textrenderer.h">
      <Filter>Header Files\Engine</Filter>
    </ClInclude>
    <ClInclude Include="acmain.h">
      <Filter>Header Files\Accrete</Filter>
    </ClInclude>
    <ClInclude Include="acenviro.h">
      <Filter>Header Files\Accrete</Filter>
    </ClInclude>
    <ClInclude Include="acdisplay.h">
      <Filter>Header Files\Accrete</Filter>
    </ClInclude>
    <ClInclude Include="constants.h">
      <Filter>Header Files\Accrete</Filter>
    </ClInclude>
    <ClInclude Include="acutils.h">
      <Filter>Header Files\Accrete</Filter>
    </ClInclude>
    <ClInclude Include="accrete.h">
      <Filter>Header Files\Accrete</Filter>
    </ClInclude>
    <ClInclude Include="acstructs.h">
      <Filter>Header Files\Accrete</Filter>
    </ClInclude>
    <ClInclude Include="input.h">
      <Filter>Header Files\Engine</Filter>
    </ClInclude>
    <ClInclude Include="windows.h">
      <Filter>Header Files\Engine</Filter>
    </ClInclude>
    <ClInclude Include="globals.h">
      <Filter>Header Files\Engine</Filter>
    </ClInclude>
    <ClInclude Include="shared.h">
      <Filter>Header Files\Engine</Filter>
    </ClInclude>
    <ClInclude Include="structs.h">
      <Filter>Header Files\Engine</Filter>
    </ClInclude>
    <ClInclude Include="array.h">
      <Filter>Header Files\Tools\List</Filter>
    </ClInclude>
    <ClInclude Include="tinycthread.h">
      <Filter>Header Files\Tools</Filter>
    </ClInclude>
    <ClInclude Include="mouse.h">
      <Filter>Header Files\Engine</Filter>
    </ClInclude>
    <ClInclude Include="renderergui.h">
      <Filter>Header Files\Engine</Filter>
    </ClInclude>
    <ClInclude Include="game.h">
      <Filter>Header Files\Game</Filter>
    </ClInclude>
    <ClInclude Include="vector.h">
      <Filter>Header Files\Tools\List</Filter>
    </ClInclude>
    <ClInclude Include="font.h">
      <Filter>Header Files\Graphics</Filter>
    </ClInclude>
    <ClInclude Include="textureatlas.h">
      <Filter>Header Files\Graphics</Filter>
    </ClInclude>
    <ClInclude Include="texturefont.h">
      <Filter>Header Files\Graphics</Filter>
    </ClInclude>
    <ClInclude Include="Lua\lua.hpp">
      <Filter>Header Files\Tools\Lua</Filter>
    </ClInclude>
    <ClInclude Include="Lua\lzio.h">
      <Filter>Header Files\Tools\Lua</Filter>
    </ClInclude>
    <ClInclude Include="Lua\lvm.h">
      <Filter>Header Files\Tools\Lua</Filter>
    </ClInclude>
    <ClInclude Include="Lua\lundump.h">
      <Filter>Header Files\Tools\Lua</Filter>
    </ClInclude>
    <ClInclude Include="Lua\lualib.h">
      <Filter>Header Files\Tools\Lua</Filter>
    </ClInclude>
    <ClInclude Include="Lua\luaconf.h">
      <Filter>Header Files\Tools\Lua</Filter>
    </ClInclude>
    <ClInclude Include="Lua\lua.h">
      <Filter>Header Files\Tools\Lua</Filter>
    </ClInclude>
    <ClInclude Include="Lua\ltm.h">
      <Filter>Header Files\Tools\Lua</Filter>
    </ClInclude>
    <ClInclude Include="Lua\ltable.h">
      <Filter>Header Files\Tools\Lua</Filter>
    </ClInclude>
    <ClInclude Include="Lua\lstring.h">
      <Filter>Header Files\Tools\Lua</Filter>
    </ClInclude>
    <ClInclude Include="Lua\lstate.h">
      <Filter>Header Files\Tools\Lua</Filter>
    </ClInclude>
    <ClInclude Include="Lua\lparser.h">
      <Filter>Header Files\Tools\Lua</Filter>
    </ClInclude>
    <ClInclude Include="Lua\lopcodes.h">
      <Filter>Header Files\Tools\Lua</Filter>
    </ClInclude>
    <ClInclude Include="Lua\lobject.h">
      <Filter>Header Files\Tools\Lua</Filter>
    </ClInclude>
    <ClInclude Include="Lua\lmem.h">
      <Filter>Header Files\Tools\Lua</Filter>
    </ClInclude>
    <ClInclude Include="Lua\llimits.h">
      <Filter>Header Files\Tools\Lua</Filter>
    </ClInclude>
    <ClInclude Include="Lua\llex.h">
      <Filter>Header Files\Tools\Lua</Filter>
    </ClInclude>
    <ClInclude Include="Lua\lgc.h">
      <Filter>Header Files\Tools\Lua</Filter>
    </ClInclude>
    <ClInclude Include="Lua\lfunc.h">
      <Filter>Header Files\Tools\Lua</Filter>
    </ClInclude>
    <ClInclude Include="Lua\ldo.h">
      <Filter>Header Files\Tools\Lua</Filter>
    </ClInclude>
    <ClInclude Include="Lua\ldebug.h">
      <Filter>Header Files\Tools\Lua</Filter>
    </ClInclude>
    <ClInclude Include="Lua\lctype.h">
      <Filter>Header Files\Tools\Lua</Filter>
    </ClInclude>
    <ClInclude Include="Lua\lcode.h">
      <Filter>Header Files\Tools\Lua</Filter>
    </ClInclude>
    <ClInclude Include="Lua\lauxlib.h">
      <Filter>Header Files\Tools\Lua</Filter>
    </ClInclude>
    <ClInclude Include="Lua\lapi.h">
      <Filter>Header Files\Tools\Lua</Filter>
    </ClInclude>
    <ClInclude Include="tmp_emitter.h">
      <Filter>Header Files\Physics</Filter>
    </ClInclude>
    <ClInclude Include="tmp_particle.h">
      <Filter>Header Files\Physics</Filter>
    </ClInclude>
    <ClInclude Include="math.h">
      <Filter>Header Files\Tools</Filter>
    </ClInclude>
    <ClInclude Include="stage.h">
      <Filter>Header Files\Game</Filter>
    </ClInclude>
    <ClInclude Include="entity.h">
      <Filter>Header Files\Game</Filter>
    </ClInclude>
    <ClInclude Include="renderercomponent.h">
      <Filter>Header Files\Game</Filter>
    </ClInclude>
    <ClInclude Include="gui.h">
      <Filter>Header Files\Graphics</Filter>
    </ClInclude>
    <ClInclude Include="light.h">
      <Filter>Header Files\Graphics</Filter>
    </ClInclude>
    <ClInclude Include="camera.h">
      <Filter>Header Files\Graphics</Filter>
    </ClInclude>
  </ItemGroup>
  <ItemGroup>
    <None Include="bump_fragment.glsl">
      <Filter>Resource Files\Shaders</Filter>
    </None>
    <None Include="bump_vertex.glsl">
      <Filter>Resource Files\Shaders</Filter>
    </None>
    <None Include="post_fragment.glsl">
      <Filter>Resource Files\Shaders</Filter>
    </None>
    <None Include="post_vertex.glsl">
      <Filter>Resource Files\Shaders</Filter>
    </None>
    <None Include="toon_fragment.glsl">
      <Filter>Resource Files\Shaders</Filter>
    </None>
    <None Include="toon_vertex.glsl">
      <Filter>Resource Files\Shaders</Filter>
    </None>
    <None Include="font_vertex.glsl">
      <Filter>Resource Files\Shaders</Filter>
    </None>
    <None Include="font_fragment.glsl">
      <Filter>Resource Files\Shaders</Filter>
    </None>
    <None Include="planet_fragment.glsl">
      <Filter>Resource Files\Shaders</Filter>
    </None>
    <None Include="planet_vertex.glsl">
      <Filter>Resource Files\Shaders</Filter>
    </None>
    <None Include="star_fragment.glsl">
      <Filter>Resource Files\Shaders</Filter>
    </None>
    <None Include="star_vertex.glsl">
      <Filter>Resource Files\Shaders</Filter>
    </None>
    <None Include="grid_fragment.glsl">
      <Filter>Resource Files\Shaders</Filter>
    </None>
    <None Include="grid_vertex.glsl">
      <Filter>Resource Files\Shaders</Filter>
    </None>
    <None Include="Data\Scripts\hello.lua">
      <Filter>Resource Files\Scripts</Filter>
    </None>
  </ItemGroup>
</Project>